
Microsoft Visual Studio Solution File, Format Version 12.00
# Visual Studio Version 16
VisualStudioVersion = 16.0.31729.503
MinimumVisualStudioVersion = 10.0.40219.1
Project("{FAE04EC0-301F-11D3-BF4B-00C04F79EFBC}") = "Calculator", "Calculator.csproj", "{46D32D1A-B27C-471D-A6EB-C1E170C341C6}"
EndProject
Global
	GlobalSection(SolutionConfigurationPlatforms) = preSolution
		Debug|Any CPU = Debug|Any CPU
		Release|Any CPU = Release|Any CPU
	EndGlobalSection
	GlobalSection(ProjectConfigurationPlatforms) = postSolution
		{46D32D1A-B27C-471D-A6EB-C1E170C341C6}.Debug|Any CPU.ActiveCfg = Debug|Any CPU
		{46D32D1A-B27C-471D-A6EB-C1E170C341C6}.Debug|Any CPU.Build.0 = Debug|Any CPU
		{46D32D1A-B27C-471D-A6EB-C1E170C341C6}.Release|Any CPU.ActiveCfg = Release|Any CPU
		{46D32D1A-B27C-471D-A6EB-C1E170C341C6}.Release|Any CPU.Build.0 = Release|Any CPU
	EndGlobalSection
	GlobalSection(SolutionProperties) = preSolution
		HideSolutionNode = FALSE
	EndGlobalSection
	GlobalSection(ExtensibilityGlobals) = postSolution
		SolutionGuid = {491A02B4-CE16-4496-A969-BC1A7EBC04E3}
	EndGlobalSection
EndGlobal
